
Microsoft Visual Studio Solution File, Format Version 12.00
# Visual Studio Version 17
VisualStudioVersion = 17.14.36616.10 d17.14
MinimumVisualStudioVersion = 10.0.40219.1
Project("{FAE04EC0-301F-11D3-BF4B-00C04F79EFBC}") = "dashb", "dashb.csproj", "{20C3BEC5-33E9-6773-1B85-10D99905A341}"
EndProject
Global
	GlobalSection(SolutionConfigurationPlatforms) = preSolution
		Debug|Any CPU = Debug|Any CPU
		Release|Any CPU = Release|Any CPU
	EndGlobalSection
	GlobalSection(ProjectConfigurationPlatforms) = postSolution
		{20C3BEC5-33E9-6773-1B85-10D99905A341}.Debug|Any CPU.ActiveCfg = Debug|Any CPU
		{20C3BEC5-33E9-6773-1B85-10D99905A341}.Debug|Any CPU.Build.0 = Debug|Any CPU
		{20C3BEC5-33E9-6773-1B85-10D99905A341}.Release|Any CPU.ActiveCfg = Release|Any CPU
		{20C3BEC5-33E9-6773-1B85-10D99905A341}.Release|Any CPU.Build.0 = Release|Any CPU
	EndGlobalSection
	GlobalSection(SolutionProperties) = preSolution
		HideSolutionNode = FALSE
	EndGlobalSection
	GlobalSection(ExtensibilityGlobals) = postSolution
		SolutionGuid = {00E18868-0AAB-4AD2-8654-E519DB948956}
	EndGlobalSection
EndGlobal
